
Microsoft Visual Studio Solution File, Format Version 12.00
Project("{FAE04EC0-301F-11D3-BF4B-00C04F79EFBC}") = "QrGenerator", "QrGenerator\QrGenerator.csproj", "{24516E3D-D96F-422B-9847-9E1FE485C9F0}"
EndProject
Global
	GlobalSection(SolutionConfigurationPlatforms) = preSolution
		Debug|Any CPU = Debug|Any CPU
		Release|Any CPU = Release|Any CPU
	EndGlobalSection
	GlobalSection(ProjectConfigurationPlatforms) = postSolution
		{24516E3D-D96F-422B-9847-9E1FE485C9F0}.Debug|Any CPU.ActiveCfg = Debug|Any CPU
		{24516E3D-D96F-422B-9847-9E1FE485C9F0}.Debug|Any CPU.Build.0 = Debug|Any CPU
		{24516E3D-D96F-422B-9847-9E1FE485C9F0}.Release|Any CPU.ActiveCfg = Release|Any CPU
		{24516E3D-D96F-422B-9847-9E1FE485C9F0}.Release|Any CPU.Build.0 = Release|Any CPU
	EndGlobalSection
EndGlobal
